// !$*UTF8*$!
{
	archiveVersion = 1;
	classes = {
	};
	objectVersion = 77;
	objects = {

/* Begin PBXBuildFile section */
		37CCA1551B5C83A467B8694F /* Pods_ITSMETests.framework in Frameworks */ = {isa = PBXBuildFile; fileRef = 94748E0234ADA3869C998D1B /* Pods_ITSMETests.framework */; };
		499579CFD3CDE53490975F5E /* Pods_ITSME_ITSMEUITests.framework in Frameworks */ = {isa = PBXBuildFile; fileRef = A18EE7624ABF22CF0F559D89 /* Pods_ITSME_ITSMEUITests.framework */; };
		81BD00F8D6BC0C4A02C1618E /* Pods_ITSME.framework in Frameworks */ = {isa = PBXBuildFile; fileRef = F537DD1547B8AD14071733AB /* Pods_ITSME.framework */; };
		A7F4686A2D28F280005F2EB0 /* Kingfisher in Frameworks */ = {isa = PBXBuildFile; productRef = A7F468692D28F280005F2EB0 /* Kingfisher */; };
/* End PBXBuildFile section */

/* Begin PBXContainerItemProxy section */
		A7386F812D2805B8007ECD24 /* PBXContainerItemProxy */ = {
			isa = PBXContainerItemProxy;
			containerPortal = A7386F622D2805B7007ECD24 /* Project object */;
			proxyType = 1;
			remoteGlobalIDString = A7386F692D2805B7007ECD24;
			remoteInfo = ITSME;
		};
		A7386F8B2D2805B8007ECD24 /* PBXContainerItemProxy */ = {
			isa = PBXContainerItemProxy;
			containerPortal = A7386F622D2805B7007ECD24 /* Project object */;
			proxyType = 1;
			remoteGlobalIDString = A7386F692D2805B7007ECD24;
			remoteInfo = ITSME;
		};
/* End PBXContainerItemProxy section */

/* Begin PBXFileReference section */
		39BEEDEA9207E0DF7EC6767E /* Pods-ITSME.debug.xcconfig */ = {isa = PBXFileReference; includeInIndex = 1; lastKnownFileType = text.xcconfig; name = "Pods-ITSME.debug.xcconfig"; path = "Target Support Files/Pods-ITSME/Pods-ITSME.debug.xcconfig"; sourceTree = "<group>"; };
		4A72162FEE461627F809F8CF /* Pods-ITSME.release.xcconfig */ = {isa = PBXFileReference; includeInIndex = 1; lastKnownFileType = text.xcconfig; name = "Pods-ITSME.release.xcconfig"; path = "Target Support Files/Pods-ITSME/Pods-ITSME.release.xcconfig"; sourceTree = "<group>"; };
		6A8B73DF529A5883D86BACDC /* Pods-ITSME-ITSMEUITests.debug.xcconfig */ = {isa = PBXFileReference; includeInIndex = 1; lastKnownFileType = text.xcconfig; name = "Pods-ITSME-ITSMEUITests.debug.xcconfig"; path = "Target Support Files/Pods-ITSME-ITSMEUITests/Pods-ITSME-ITSMEUITests.debug.xcconfig"; sourceTree = "<group>"; };
		94748E0234ADA3869C998D1B /* Pods_ITSMETests.framework */ = {isa = PBXFileReference; explicitFileType = wrapper.framework; includeInIndex = 0; path = Pods_ITSMETests.framework; sourceTree = BUILT_PRODUCTS_DIR; };
		A18EE7624ABF22CF0F559D89 /* Pods_ITSME_ITSMEUITests.framework */ = {isa = PBXFileReference; explicitFileType = wrapper.framework; includeInIndex = 0; path = Pods_ITSME_ITSMEUITests.framework; sourceTree = BUILT_PRODUCTS_DIR; };
		A7386F6A2D2805B7007ECD24 /* ITSME.app */ = {isa = PBXFileReference; explicitFileType = wrapper.application; includeInIndex = 0; path = ITSME.app; sourceTree = BUILT_PRODUCTS_DIR; };
		A7386F802D2805B8007ECD24 /* ITSMETests.xctest */ = {isa = PBXFileReference; explicitFileType = wrapper.cfbundle; includeInIndex = 0; path = ITSMETests.xctest; sourceTree = BUILT_PRODUCTS_DIR; };
		A7386F8A2D2805B8007ECD24 /* ITSMEUITests.xctest */ = {isa = PBXFileReference; explicitFileType = wrapper.cfbundle; includeInIndex = 0; path = ITSMEUITests.xctest; sourceTree = BUILT_PRODUCTS_DIR; };
		A7FE9C332D299B8200C2FDD3 /* ci_post_clone.sh */ = {isa = PBXFileReference; lastKnownFileType = text.script.sh; path = ci_post_clone.sh; sourceTree = "<group>"; };
		B160B0D08C4C53455049F2B4 /* Pods-ITSME-ITSMEUITests.release.xcconfig */ = {isa = PBXFileReference; includeInIndex = 1; lastKnownFileType = text.xcconfig; name = "Pods-ITSME-ITSMEUITests.release.xcconfig"; path = "Target Support Files/Pods-ITSME-ITSMEUITests/Pods-ITSME-ITSMEUITests.release.xcconfig"; sourceTree = "<group>"; };
		E673A846C33A90CF6EBF5AE2 /* Pods-ITSMETests.release.xcconfig */ = {isa = PBXFileReference; includeInIndex = 1; lastKnownFileType = text.xcconfig; name = "Pods-ITSMETests.release.xcconfig"; path = "Target Support Files/Pods-ITSMETests/Pods-ITSMETests.release.xcconfig"; sourceTree = "<group>"; };
		F431CF5323AC432F377031AC /* Pods-ITSMETests.debug.xcconfig */ = {isa = PBXFileReference; includeInIndex = 1; lastKnownFileType = text.xcconfig; name = "Pods-ITSMETests.debug.xcconfig"; path = "Target Support Files/Pods-ITSMETests/Pods-ITSMETests.debug.xcconfig"; sourceTree = "<group>"; };
		F537DD1547B8AD14071733AB /* Pods_ITSME.framework */ = {isa = PBXFileReference; explicitFileType = wrapper.framework; includeInIndex = 0; path = Pods_ITSME.framework; sourceTree = BUILT_PRODUCTS_DIR; };
/* End PBXFileReference section */

/* Begin PBXFileSystemSynchronizedBuildFileExceptionSet section */
		A7386F922D2805B8007ECD24 /* Exceptions for "ITSME" folder in "ITSME" target */ = {
			isa = PBXFileSystemSynchronizedBuildFileExceptionSet;
			membershipExceptions = (
				Info.plist,
			);
			target = A7386F692D2805B7007ECD24 /* ITSME */;
		};
/* End PBXFileSystemSynchronizedBuildFileExceptionSet section */

/* Begin PBXFileSystemSynchronizedRootGroup section */
		A7386F6C2D2805B7007ECD24 /* ITSME */ = {
			isa = PBXFileSystemSynchronizedRootGroup;
			exceptions = (
				A7386F922D2805B8007ECD24 /* Exceptions for "ITSME" folder in "ITSME" target */,
			);
			path = ITSME;
			sourceTree = "<group>";
		};
		A7386F832D2805B8007ECD24 /* ITSMETests */ = {
			isa = PBXFileSystemSynchronizedRootGroup;
			exceptions = (
			);
			path = ITSMETests;
			sourceTree = "<group>";
		};
/* End PBXFileSystemSynchronizedRootGroup section */

/* Begin PBXFrameworksBuildPhase section */
		A7386F672D2805B7007ECD24 /* Frameworks */ = {
			isa = PBXFrameworksBuildPhase;
			buildActionMask = 2147483647;
			files = (
				A7F4686A2D28F280005F2EB0 /* Kingfisher in Frameworks */,
				81BD00F8D6BC0C4A02C1618E /* Pods_ITSME.framework in Frameworks */,
			);
			runOnlyForDeploymentPostprocessing = 0;
		};
		A7386F7D2D2805B8007ECD24 /* Frameworks */ = {
			isa = PBXFrameworksBuildPhase;
			buildActionMask = 2147483647;
			files = (
				37CCA1551B5C83A467B8694F /* Pods_ITSMETests.framework in Frameworks */,
			);
			runOnlyForDeploymentPostprocessing = 0;
		};
		A7386F872D2805B8007ECD24 /* Frameworks */ = {
			isa = PBXFrameworksBuildPhase;
			buildActionMask = 2147483647;
			files = (
				499579CFD3CDE53490975F5E /* Pods_ITSME_ITSMEUITests.framework in Frameworks */,
			);
			runOnlyForDeploymentPostprocessing = 0;
		};
/* End PBXFrameworksBuildPhase section */

/* Begin PBXGroup section */
		935828812985C8C8C1325675 /* Frameworks */ = {
			isa = PBXGroup;
			children = (
				F537DD1547B8AD14071733AB /* Pods_ITSME.framework */,
				A18EE7624ABF22CF0F559D89 /* Pods_ITSME_ITSMEUITests.framework */,
				94748E0234ADA3869C998D1B /* Pods_ITSMETests.framework */,
			);
			name = Frameworks;
			sourceTree = "<group>";
		};
		9995D6E03EB0257ACC5E44EA /* Pods */ = {
			isa = PBXGroup;
			children = (
				39BEEDEA9207E0DF7EC6767E /* Pods-ITSME.debug.xcconfig */,
				4A72162FEE461627F809F8CF /* Pods-ITSME.release.xcconfig */,
				6A8B73DF529A5883D86BACDC /* Pods-ITSME-ITSMEUITests.debug.xcconfig */,
				B160B0D08C4C53455049F2B4 /* Pods-ITSME-ITSMEUITests.release.xcconfig */,
				F431CF5323AC432F377031AC /* Pods-ITSMETests.debug.xcconfig */,
				E673A846C33A90CF6EBF5AE2 /* Pods-ITSMETests.release.xcconfig */,
			);
			path = Pods;
			sourceTree = "<group>";
		};
		A7386F612D2805B7007ECD24 = {
			isa = PBXGroup;
			children = (
				A7FE9C322D299B5900C2FDD3 /* ci_scripts */,
				A7386F6C2D2805B7007ECD24 /* ITSME */,
				A7386F832D2805B8007ECD24 /* ITSMETests */,
				A7386F6B2D2805B7007ECD24 /* Products */,
				9995D6E03EB0257ACC5E44EA /* Pods */,
				935828812985C8C8C1325675 /* Frameworks */,
			);
			sourceTree = "<group>";
		};
		A7386F6B2D2805B7007ECD24 /* Products */ = {
			isa = PBXGroup;
			children = (
				A7386F6A2D2805B7007ECD24 /* ITSME.app */,
				A7386F802D2805B8007ECD24 /* ITSMETests.xctest */,
				A7386F8A2D2805B8007ECD24 /* ITSMEUITests.xctest */,
			);
			name = Products;
			sourceTree = "<group>";
		};
		A7FE9C322D299B5900C2FDD3 /* ci_scripts */ = {
			isa = PBXGroup;
			children = (
				A7FE9C332D299B8200C2FDD3 /* ci_post_clone.sh */,
			);
			path = ci_scripts;
			sourceTree = "<group>";
		};
/* End PBXGroup section */

/* Begin PBXNativeTarget section */
		A7386F692D2805B7007ECD24 /* ITSME */ = {
			isa = PBXNativeTarget;
			buildConfigurationList = A7386F932D2805B8007ECD24 /* Build configuration list for PBXNativeTarget "ITSME" */;
			buildPhases = (
				8AD1968FBAB82B0CFAB96B46 /* [CP] Check Pods Manifest.lock */,
				A7386F662D2805B7007ECD24 /* Sources */,
				A7386F672D2805B7007ECD24 /* Frameworks */,
				A7386F682D2805B7007ECD24 /* Resources */,
				C6FDFFD3FD0A4DA446638B47 /* [CP] Embed Pods Frameworks */,
			);
			buildRules = (
			);
			dependencies = (
			);
			fileSystemSynchronizedGroups = (
				A7386F6C2D2805B7007ECD24 /* ITSME */,
			);
			name = ITSME;
			packageProductDependencies = (
				A7F468692D28F280005F2EB0 /* Kingfisher */,
			);
			productName = ITSME;
			productReference = A7386F6A2D2805B7007ECD24 /* ITSME.app */;
			productType = "com.apple.product-type.application";
		};
		A7386F7F2D2805B8007ECD24 /* ITSMETests */ = {
			isa = PBXNativeTarget;
			buildConfigurationList = A7386F982D2805B8007ECD24 /* Build configuration list for PBXNativeTarget "ITSMETests" */;
			buildPhases = (
				48633719EAFDE76A1DAA42F1 /* [CP] Check Pods Manifest.lock */,
				A7386F7C2D2805B8007ECD24 /* Sources */,
				A7386F7D2D2805B8007ECD24 /* Frameworks */,
				A7386F7E2D2805B8007ECD24 /* Resources */,
			);
			buildRules = (
			);
			dependencies = (
				A7386F822D2805B8007ECD24 /* PBXTargetDependency */,
			);
			fileSystemSynchronizedGroups = (
				A7386F832D2805B8007ECD24 /* ITSMETests */,
			);
			name = ITSMETests;
			productName = ITSMETests;
			productReference = A7386F802D2805B8007ECD24 /* ITSMETests.xctest */;
			productType = "com.apple.product-type.bundle.unit-test";
		};
		A7386F892D2805B8007ECD24 /* ITSMEUITests */ = {
			isa = PBXNativeTarget;
			buildConfigurationList = A7386F9B2D2805B8007ECD24 /* Build configuration list for PBXNativeTarget "ITSMEUITests" */;
			buildPhases = (
				3210FCBDF1A9E065797AE461 /* [CP] Check Pods Manifest.lock */,
				A7386F862D2805B8007ECD24 /* Sources */,
				A7386F872D2805B8007ECD24 /* Frameworks */,
				A7386F882D2805B8007ECD24 /* Resources */,
				8C7A5D5525801106677483EA /* [CP] Embed Pods Frameworks */,
			);
			buildRules = (
			);
			dependencies = (
				A7386F8C2D2805B8007ECD24 /* PBXTargetDependency */,
			);
			name = ITSMEUITests;
			productName = ITSMEUITests;
			productReference = A7386F8A2D2805B8007ECD24 /* ITSMEUITests.xctest */;
			productType = "com.apple.product-type.bundle.ui-testing";
		};
/* End PBXNativeTarget section */

/* Begin PBXProject section */
		A7386F622D2805B7007ECD24 /* Project object */ = {
			isa = PBXProject;
			attributes = {
				BuildIndependentTargetsInParallel = 1;
				LastSwiftUpdateCheck = 1600;
				LastUpgradeCheck = 1620;
				TargetAttributes = {
					A7386F692D2805B7007ECD24 = {
						CreatedOnToolsVersion = 16.0;
					};
					A7386F7F2D2805B8007ECD24 = {
						CreatedOnToolsVersion = 16.0;
						LastSwiftMigration = 1600;
						TestTargetID = A7386F692D2805B7007ECD24;
					};
					A7386F892D2805B8007ECD24 = {
						CreatedOnToolsVersion = 16.0;
						LastSwiftMigration = 1600;
						TestTargetID = A7386F692D2805B7007ECD24;
					};
				};
			};
			buildConfigurationList = A7386F652D2805B7007ECD24 /* Build configuration list for PBXProject "ITSME" */;
			developmentRegion = en;
			hasScannedForEncodings = 0;
			knownRegions = (
				en,
				Base,
				id,
			);
			mainGroup = A7386F612D2805B7007ECD24;
			minimizedProjectReferenceProxies = 1;
			packageReferences = (
				A73870CC2D28F10F007ECD24 /* XCRemoteSwiftPackageReference "Kingfisher" */,
			);
			preferredProjectObjectVersion = 77;
			productRefGroup = A7386F6B2D2805B7007ECD24 /* Products */;
			projectDirPath = "";
			projectRoot = "";
			targets = (
				A7386F692D2805B7007ECD24 /* ITSME */,
				A7386F7F2D2805B8007ECD24 /* ITSMETests */,
				A7386F892D2805B8007ECD24 /* ITSMEUITests */,
			);
		};
/* End PBXProject section */

/* Begin PBXResourcesBuildPhase section */
		A7386F682D2805B7007ECD24 /* Resources */ = {
			isa = PBXResourcesBuildPhase;
			buildActionMask = 2147483647;
			files = (
			);
			runOnlyForDeploymentPostprocessing = 0;
		};
		A7386F7E2D2805B8007ECD24 /* Resources */ = {
			isa = PBXResourcesBuildPhase;
			buildActionMask = 2147483647;
			files = (
			);
			runOnlyForDeploymentPostprocessing = 0;
		};
		A7386F882D2805B8007ECD24 /* Resources */ = {
			isa = PBXResourcesBuildPhase;
			buildActionMask = 2147483647;
			files = (
			);
			runOnlyForDeploymentPostprocessing = 0;
		};
/* End PBXResourcesBuildPhase section */

/* Begin PBXShellScriptBuildPhase section */
		3210FCBDF1A9E065797AE461 /* [CP] Check Pods Manifest.lock */ = {
			isa = PBXShellScriptBuildPhase;
			buildActionMask = 2147483647;
			files = (
			);
			inputFileListPaths = (
			);
			inputPaths = (
				"${PODS_PODFILE_DIR_PATH}/Podfile.lock",
				"${PODS_ROOT}/Manifest.lock",
			);
			name = "[CP] Check Pods Manifest.lock";
			outputFileListPaths = (
			);
			outputPaths = (
				"$(DERIVED_FILE_DIR)/Pods-ITSME-ITSMEUITests-checkManifestLockResult.txt",
			);
			runOnlyForDeploymentPostprocessing = 0;
			shellPath = /bin/sh;
			shellScript = "diff \"${PODS_PODFILE_DIR_PATH}/Podfile.lock\" \"${PODS_ROOT}/Manifest.lock\" > /dev/null\nif [ $? != 0 ] ; then\n    # print error to STDERR\n    echo \"error: The sandbox is not in sync with the Podfile.lock. Run 'pod install' or update your CocoaPods installation.\" >&2\n    exit 1\nfi\n# This output is used by Xcode 'outputs' to avoid re-running this script phase.\necho \"SUCCESS\" > \"${SCRIPT_OUTPUT_FILE_0}\"\n";
			showEnvVarsInLog = 0;
		};
		48633719EAFDE76A1DAA42F1 /* [CP] Check Pods Manifest.lock */ = {
			isa = PBXShellScriptBuildPhase;
			buildActionMask = 2147483647;
			files = (
			);
			inputFileListPaths = (
			);
			inputPaths = (
				"${PODS_PODFILE_DIR_PATH}/Podfile.lock",
				"${PODS_ROOT}/Manifest.lock",
			);
			name = "[CP] Check Pods Manifest.lock";
			outputFileListPaths = (
			);
			outputPaths = (
				"$(DERIVED_FILE_DIR)/Pods-ITSMETests-checkManifestLockResult.txt",
			);
			runOnlyForDeploymentPostprocessing = 0;
			shellPath = /bin/sh;
			shellScript = "diff \"${PODS_PODFILE_DIR_PATH}/Podfile.lock\" \"${PODS_ROOT}/Manifest.lock\" > /dev/null\nif [ $? != 0 ] ; then\n    # print error to STDERR\n    echo \"error: The sandbox is not in sync with the Podfile.lock. Run 'pod install' or update your CocoaPods installation.\" >&2\n    exit 1\nfi\n# This output is used by Xcode 'outputs' to avoid re-running this script phase.\necho \"SUCCESS\" > \"${SCRIPT_OUTPUT_FILE_0}\"\n";
			showEnvVarsInLog = 0;
		};
		8AD1968FBAB82B0CFAB96B46 /* [CP] Check Pods Manifest.lock */ = {
			isa = PBXShellScriptBuildPhase;
			buildActionMask = 2147483647;
			files = (
			);
			inputFileListPaths = (
			);
			inputPaths = (
				"${PODS_PODFILE_DIR_PATH}/Podfile.lock",
				"${PODS_ROOT}/Manifest.lock",
			);
			name = "[CP] Check Pods Manifest.lock";
			outputFileListPaths = (
			);
			outputPaths = (
				"$(DERIVED_FILE_DIR)/Pods-ITSME-checkManifestLockResult.txt",
			);
			runOnlyForDeploymentPostprocessing = 0;
			shellPath = /bin/sh;
			shellScript = "diff \"${PODS_PODFILE_DIR_PATH}/Podfile.lock\" \"${PODS_ROOT}/Manifest.lock\" > /dev/null\nif [ $? != 0 ] ; then\n    # print error to STDERR\n    echo \"error: The sandbox is not in sync with the Podfile.lock. Run 'pod install' or update your CocoaPods installation.\" >&2\n    exit 1\nfi\n# This output is used by Xcode 'outputs' to avoid re-running this script phase.\necho \"SUCCESS\" > \"${SCRIPT_OUTPUT_FILE_0}\"\n";
			showEnvVarsInLog = 0;
		};
		8C7A5D5525801106677483EA /* [CP] Embed Pods Frameworks */ = {
			isa = PBXShellScriptBuildPhase;
			buildActionMask = 2147483647;
			files = (
			);
			inputFileListPaths = (
				"${PODS_ROOT}/Target Support Files/Pods-ITSME-ITSMEUITests/Pods-ITSME-ITSMEUITests-frameworks-${CONFIGURATION}-input-files.xcfilelist",
			);
			name = "[CP] Embed Pods Frameworks";
			outputFileListPaths = (
				"${PODS_ROOT}/Target Support Files/Pods-ITSME-ITSMEUITests/Pods-ITSME-ITSMEUITests-frameworks-${CONFIGURATION}-output-files.xcfilelist",
			);
			runOnlyForDeploymentPostprocessing = 0;
			shellPath = /bin/sh;
			shellScript = "\"${PODS_ROOT}/Target Support Files/Pods-ITSME-ITSMEUITests/Pods-ITSME-ITSMEUITests-frameworks.sh\"\n";
			showEnvVarsInLog = 0;
		};
		C6FDFFD3FD0A4DA446638B47 /* [CP] Embed Pods Frameworks */ = {
			isa = PBXShellScriptBuildPhase;
			buildActionMask = 2147483647;
			files = (
			);
			inputFileListPaths = (
				"${PODS_ROOT}/Target Support Files/Pods-ITSME/Pods-ITSME-frameworks-${CONFIGURATION}-input-files.xcfilelist",
			);
			name = "[CP] Embed Pods Frameworks";
			outputFileListPaths = (
				"${PODS_ROOT}/Target Support Files/Pods-ITSME/Pods-ITSME-frameworks-${CONFIGURATION}-output-files.xcfilelist",
			);
			runOnlyForDeploymentPostprocessing = 0;
			shellPath = /bin/sh;
			shellScript = "\"${PODS_ROOT}/Target Support Files/Pods-ITSME/Pods-ITSME-frameworks.sh\"\n";
			showEnvVarsInLog = 0;
		};
/* End PBXShellScriptBuildPhase section */

/* Begin PBXSourcesBuildPhase section */
		A7386F662D2805B7007ECD24 /* Sources */ = {
			isa = PBXSourcesBuildPhase;
			buildActionMask = 2147483647;
			files = (
			);
			runOnlyForDeploymentPostprocessing = 0;
		};
		A7386F7C2D2805B8007ECD24 /* Sources */ = {
			isa = PBXSourcesBuildPhase;
			buildActionMask = 2147483647;
			files = (
			);
			runOnlyForDeploymentPostprocessing = 0;
		};
		A7386F862D2805B8007ECD24 /* Sources */ = {
			isa = PBXSourcesBuildPhase;
			buildActionMask = 2147483647;
			files = (
			);
			runOnlyForDeploymentPostprocessing = 0;
		};
/* End PBXSourcesBuildPhase section */

/* Begin PBXTargetDependency section */
		A7386F822D2805B8007ECD24 /* PBXTargetDependency */ = {
			isa = PBXTargetDependency;
			target = A7386F692D2805B7007ECD24 /* ITSME */;
			targetProxy = A7386F812D2805B8007ECD24 /* PBXContainerItemProxy */;
		};
		A7386F8C2D2805B8007ECD24 /* PBXTargetDependency */ = {
			isa = PBXTargetDependency;
			target = A7386F692D2805B7007ECD24 /* ITSME */;
			targetProxy = A7386F8B2D2805B8007ECD24 /* PBXContainerItemProxy */;
		};
/* End PBXTargetDependency section */

/* Begin XCBuildConfiguration section */
		A7386F942D2805B8007ECD24 /* Debug */ = {
			isa = XCBuildConfiguration;
			baseConfigurationReference = 39BEEDEA9207E0DF7EC6767E /* Pods-ITSME.debug.xcconfig */;
			buildSettings = {
				ASSETCATALOG_COMPILER_APPICON_NAME = AppIcon;
				ASSETCATALOG_COMPILER_GLOBAL_ACCENT_COLOR_NAME = AccentColor;
				CODE_SIGN_STYLE = Automatic;
				CURRENT_PROJECT_VERSION = 2;
				DEVELOPMENT_TEAM = HQNZ8TWNYS;
				GENERATE_INFOPLIST_FILE = YES;
				INFOPLIST_FILE = ITSME/Info.plist;
				INFOPLIST_KEY_UIApplicationSupportsIndirectInputEvents = YES;
				INFOPLIST_KEY_UILaunchStoryboardName = LaunchScreen;
				INFOPLIST_KEY_UISupportedInterfaceOrientations_iPad = "UIInterfaceOrientationPortrait UIInterfaceOrientationPortraitUpsideDown UIInterfaceOrientationLandscapeLeft UIInterfaceOrientationLandscapeRight";
				INFOPLIST_KEY_UISupportedInterfaceOrientations_iPhone = "UIInterfaceOrientationPortrait UIInterfaceOrientationLandscapeLeft UIInterfaceOrientationLandscapeRight";
				IPHONEOS_DEPLOYMENT_TARGET = 15.6;
				LD_RUNPATH_SEARCH_PATHS = (
					"$(inherited)",
					"@executable_path/Frameworks",
				);
				MARKETING_VERSION = 1.0.2;
				PRODUCT_BUNDLE_IDENTIFIER = hansen.ITSME;
				PRODUCT_NAME = "$(TARGET_NAME)";
				SWIFT_EMIT_LOC_STRINGS = YES;
				SWIFT_PRECOMPILE_BRIDGING_HEADER = YES;
				SWIFT_VERSION = 5.0;
				TARGETED_DEVICE_FAMILY = "1,2";
			};
			name = Debug;
		};
		A7386F952D2805B8007ECD24 /* Release */ = {
			isa = XCBuildConfiguration;
			baseConfigurationReference = 4A72162FEE461627F809F8CF /* Pods-ITSME.release.xcconfig */;
			buildSettings = {
				ASSETCATALOG_COMPILER_APPICON_NAME = AppIcon;
				ASSETCATALOG_COMPILER_GLOBAL_ACCENT_COLOR_NAME = AccentColor;
				CODE_SIGN_STYLE = Automatic;
				CURRENT_PROJECT_VERSION = 2;
				DEVELOPMENT_TEAM = HQNZ8TWNYS;
				GENERATE_INFOPLIST_FILE = YES;
				INFOPLIST_FILE = ITSME/Info.plist;
				INFOPLIST_KEY_UIApplicationSupportsIndirectInputEvents = YES;
				INFOPLIST_KEY_UILaunchStoryboardName = LaunchScreen;
				INFOPLIST_KEY_UISupportedInterfaceOrientations_iPad = "UIInterfaceOrientationPortrait UIInterfaceOrientationPortraitUpsideDown UIInterfaceOrientationLandscapeLeft UIInterfaceOrientationLandscapeRight";
				INFOPLIST_KEY_UISupportedInterfaceOrientations_iPhone = "UIInterfaceOrientationPortrait UIInterfaceOrientationLandscapeLeft UIInterfaceOrientationLandscapeRight";
				IPHONEOS_DEPLOYMENT_TARGET = 15.6;
				LD_RUNPATH_SEARCH_PATHS = (
					"$(inherited)",
					"@executable_path/Frameworks",
				);
				MARKETING_VERSION = 1.0.2;
				PRODUCT_BUNDLE_IDENTIFIER = hansen.ITSME;
				PRODUCT_NAME = "$(TARGET_NAME)";
				SWIFT_EMIT_LOC_STRINGS = YES;
				SWIFT_PRECOMPILE_BRIDGING_HEADER = YES;
				SWIFT_VERSION = 5.0;
				TARGETED_DEVICE_FAMILY = "1,2";
			};
			name = Release;
		};
		A7386F962D2805B8007ECD24 /* Debug */ = {
			isa = XCBuildConfiguration;
			buildSettings = {
				ALWAYS_SEARCH_USER_PATHS = NO;
				ASSETCATALOG_COMPILER_GENERATE_SWIFT_ASSET_SYMBOL_EXTENSIONS = YES;
				CLANG_ANALYZER_LOCALIZABILITY_NONLOCALIZED = YES;
				CLANG_ANALYZER_NONNULL = YES;
				CLANG_ANALYZER_NUMBER_OBJECT_CONVERSION = YES_AGGRESSIVE;
				CLANG_CXX_LANGUAGE_STANDARD = "gnu++20";
				CLANG_ENABLE_MODULES = YES;
				CLANG_ENABLE_OBJC_ARC = YES;
				CLANG_ENABLE_OBJC_WEAK = YES;
				CLANG_WARN_BLOCK_CAPTURE_AUTORELEASING = YES;
				CLANG_WARN_BOOL_CONVERSION = YES;
				CLANG_WARN_COMMA = YES;
				CLANG_WARN_CONSTANT_CONVERSION = YES;
				CLANG_WARN_DEPRECATED_OBJC_IMPLEMENTATIONS = YES;
				CLANG_WARN_DIRECT_OBJC_ISA_USAGE = YES_ERROR;
				CLANG_WARN_DOCUMENTATION_COMMENTS = YES;
				CLANG_WARN_EMPTY_BODY = YES;
				CLANG_WARN_ENUM_CONVERSION = YES;
				CLANG_WARN_INFINITE_RECURSION = YES;
				CLANG_WARN_INT_CONVERSION = YES;
				CLANG_WARN_NON_LITERAL_NULL_CONVERSION = YES;
				CLANG_WARN_OBJC_IMPLICIT_RETAIN_SELF = YES;
				CLANG_WARN_OBJC_LITERAL_CONVERSION = YES;
				CLANG_WARN_OBJC_ROOT_CLASS = YES_ERROR;
				CLANG_WARN_QUOTED_INCLUDE_IN_FRAMEWORK_HEADER = YES;
				CLANG_WARN_RANGE_LOOP_ANALYSIS = YES;
				CLANG_WARN_STRICT_PROTOTYPES = YES;
				CLANG_WARN_SUSPICIOUS_MOVE = YES;
				CLANG_WARN_UNGUARDED_AVAILABILITY = YES_AGGRESSIVE;
				CLANG_WARN_UNREACHABLE_CODE = YES;
				CLANG_WARN__DUPLICATE_METHOD_MATCH = YES;
				COPY_PHASE_STRIP = NO;
				DEBUG_INFORMATION_FORMAT = dwarf;
				ENABLE_STRICT_OBJC_MSGSEND = YES;
				ENABLE_TESTABILITY = YES;
				ENABLE_USER_SCRIPT_SANDBOXING = YES;
				GCC_C_LANGUAGE_STANDARD = gnu17;
				GCC_DYNAMIC_NO_PIC = NO;
				GCC_NO_COMMON_BLOCKS = YES;
				GCC_OPTIMIZATION_LEVEL = 0;
				GCC_PREPROCESSOR_DEFINITIONS = (
					"DEBUG=1",
					"$(inherited)",
				);
				GCC_WARN_64_TO_32_BIT_CONVERSION = YES;
				GCC_WARN_ABOUT_RETURN_TYPE = YES_ERROR;
				GCC_WARN_UNDECLARED_SELECTOR = YES;
				GCC_WARN_UNINITIALIZED_AUTOS = YES_AGGRESSIVE;
				GCC_WARN_UNUSED_FUNCTION = YES;
				GCC_WARN_UNUSED_VARIABLE = YES;
				IPHONEOS_DEPLOYMENT_TARGET = 18.0;
				LOCALIZATION_PREFERS_STRING_CATALOGS = YES;
				MTL_ENABLE_DEBUG_INFO = INCLUDE_SOURCE;
				MTL_FAST_MATH = YES;
				ONLY_ACTIVE_ARCH = YES;
				SDKROOT = iphoneos;
				SWIFT_ACTIVE_COMPILATION_CONDITIONS = "DEBUG $(inherited)";
				SWIFT_EMIT_LOC_STRINGS = YES;
				SWIFT_OPTIMIZATION_LEVEL = "-Onone";
			};
			name = Debug;
		};
		A7386F972D2805B8007ECD24 /* Release */ = {
			isa = XCBuildConfiguration;
			buildSettings = {
				ALWAYS_SEARCH_USER_PATHS = NO;
				ASSETCATALOG_COMPILER_GENERATE_SWIFT_ASSET_SYMBOL_EXTENSIONS = YES;
				CLANG_ANALYZER_LOCALIZABILITY_NONLOCALIZED = YES;
				CLANG_ANALYZER_NONNULL = YES;
				CLANG_ANALYZER_NUMBER_OBJECT_CONVERSION = YES_AGGRESSIVE;
				CLANG_CXX_LANGUAGE_STANDARD = "gnu++20";
				CLANG_ENABLE_MODULES = YES;
				CLANG_ENABLE_OBJC_ARC = YES;
				CLANG_ENABLE_OBJC_WEAK = YES;
				CLANG_WARN_BLOCK_CAPTURE_AUTORELEASING = YES;
				CLANG_WARN_BOOL_CONVERSION = YES;
				CLANG_WARN_COMMA = YES;
				CLANG_WARN_CONSTANT_CONVERSION = YES;
				CLANG_WARN_DEPRECATED_OBJC_IMPLEMENTATIONS = YES;
				CLANG_WARN_DIRECT_OBJC_ISA_USAGE = YES_ERROR;
				CLANG_WARN_DOCUMENTATION_COMMENTS = YES;
				CLANG_WARN_EMPTY_BODY = YES;
				CLANG_WARN_ENUM_CONVERSION = YES;
				CLANG_WARN_INFINITE_RECURSION = YES;
				CLANG_WARN_INT_CONVERSION = YES;
				CLANG_WARN_NON_LITERAL_NULL_CONVERSION = YES;
				CLANG_WARN_OBJC_IMPLICIT_RETAIN_SELF = YES;
				CLANG_WARN_OBJC_LITERAL_CONVERSION = YES;
				CLANG_WARN_OBJC_ROOT_CLASS = YES_ERROR;
				CLANG_WARN_QUOTED_INCLUDE_IN_FRAMEWORK_HEADER = YES;
				CLANG_WARN_RANGE_LOOP_ANALYSIS = YES;
				CLANG_WARN_STRICT_PROTOTYPES = YES;
				CLANG_WARN_SUSPICIOUS_MOVE = YES;
				CLANG_WARN_UNGUARDED_AVAILABILITY = YES_AGGRESSIVE;
				CLANG_WARN_UNREACHABLE_CODE = YES;
				CLANG_WARN__DUPLICATE_METHOD_MATCH = YES;
				COPY_PHASE_STRIP = NO;
				DEBUG_INFORMATION_FORMAT = "dwarf-with-dsym";
				ENABLE_NS_ASSERTIONS = NO;
				ENABLE_STRICT_OBJC_MSGSEND = YES;
				ENABLE_USER_SCRIPT_SANDBOXING = YES;
				GCC_C_LANGUAGE_STANDARD = gnu17;
				GCC_NO_COMMON_BLOCKS = YES;
				GCC_WARN_64_TO_32_BIT_CONVERSION = YES;
				GCC_WARN_ABOUT_RETURN_TYPE = YES_ERROR;
				GCC_WARN_UNDECLARED_SELECTOR = YES;
				GCC_WARN_UNINITIALIZED_AUTOS = YES_AGGRESSIVE;
				GCC_WARN_UNUSED_FUNCTION = YES;
				GCC_WARN_UNUSED_VARIABLE = YES;
				IPHONEOS_DEPLOYMENT_TARGET = 18.0;
				LOCALIZATION_PREFERS_STRING_CATALOGS = YES;
				MTL_ENABLE_DEBUG_INFO = NO;
				MTL_FAST_MATH = YES;
				SDKROOT = iphoneos;
				SWIFT_COMPILATION_MODE = wholemodule;
				SWIFT_EMIT_LOC_STRINGS = YES;
				VALIDATE_PRODUCT = YES;
			};
			name = Release;
		};
		A7386F992D2805B8007ECD24 /* Debug */ = {
			isa = XCBuildConfiguration;
			baseConfigurationReference = F431CF5323AC432F377031AC /* Pods-ITSMETests.debug.xcconfig */;
			buildSettings = {
				BUNDLE_LOADER = "$(TEST_HOST)";
				CLANG_ENABLE_MODULES = YES;
				CODE_SIGN_STYLE = Automatic;
				CURRENT_PROJECT_VERSION = 1;
				DEVELOPMENT_TEAM = HQNZ8TWNYS;
				GENERATE_INFOPLIST_FILE = YES;
				IPHONEOS_DEPLOYMENT_TARGET = 18.0;
				MARKETING_VERSION = 1.0;
				PRODUCT_BUNDLE_IDENTIFIER = hansen.ITSMETests;
				PRODUCT_NAME = "$(TARGET_NAME)";
				SWIFT_EMIT_LOC_STRINGS = NO;
				SWIFT_OBJC_BRIDGING_HEADER = "";
				SWIFT_OPTIMIZATION_LEVEL = "-Onone";
				SWIFT_VERSION = 5.0;
				TARGETED_DEVICE_FAMILY = "1,2";
				TEST_HOST = "$(BUILT_PRODUCTS_DIR)/ITSME.app/$(BUNDLE_EXECUTABLE_FOLDER_PATH)/ITSME";
			};
			name = Debug;
		};
		A7386F9A2D2805B8007ECD24 /* Release */ = {
			isa = XCBuildConfiguration;
			baseConfigurationReference = E673A846C33A90CF6EBF5AE2 /* Pods-ITSMETests.release.xcconfig */;
			buildSettings = {
				BUNDLE_LOADER = "$(TEST_HOST)";
				CLANG_ENABLE_MODULES = YES;
				CODE_SIGN_STYLE = Automatic;
				CURRENT_PROJECT_VERSION = 1;
				DEVELOPMENT_TEAM = HQNZ8TWNYS;
				GENERATE_INFOPLIST_FILE = YES;
				IPHONEOS_DEPLOYMENT_TARGET = 18.0;
				MARKETING_VERSION = 1.0;
				PRODUCT_BUNDLE_IDENTIFIER = hansen.ITSMETests;
				PRODUCT_NAME = "$(TARGET_NAME)";
				SWIFT_EMIT_LOC_STRINGS = NO;
				SWIFT_OBJC_BRIDGING_HEADER = "";
				SWIFT_VERSION = 5.0;
				TARGETED_DEVICE_FAMILY = "1,2";
				TEST_HOST = "$(BUILT_PRODUCTS_DIR)/ITSME.app/$(BUNDLE_EXECUTABLE_FOLDER_PATH)/ITSME";
			};
			name = Release;
		};
		A7386F9C2D2805B8007ECD24 /* Debug */ = {
			isa = XCBuildConfiguration;
			baseConfigurationReference = 6A8B73DF529A5883D86BACDC /* Pods-ITSME-ITSMEUITests.debug.xcconfig */;
			buildSettings = {
				CLANG_ENABLE_MODULES = YES;
				CODE_SIGN_STYLE = Automatic;
				CURRENT_PROJECT_VERSION = 1;
				DEVELOPMENT_TEAM = HQNZ8TWNYS;
				GENERATE_INFOPLIST_FILE = YES;
				MARKETING_VERSION = 1.0;
				PRODUCT_BUNDLE_IDENTIFIER = hansen.ITSMEUITests;
				PRODUCT_NAME = "$(TARGET_NAME)";
				SWIFT_EMIT_LOC_STRINGS = NO;
				SWIFT_OPTIMIZATION_LEVEL = "-Onone";
				SWIFT_VERSION = 5.0;
				TARGETED_DEVICE_FAMILY = "1,2";
				TEST_TARGET_NAME = ITSME;
			};
			name = Debug;
		};
		A7386F9D2D2805B8007ECD24 /* Release */ = {
			isa = XCBuildConfiguration;
			baseConfigurationReference = B160B0D08C4C53455049F2B4 /* Pods-ITSME-ITSMEUITests.release.xcconfig */;
			buildSettings = {
				CLANG_ENABLE_MODULES = YES;
				CODE_SIGN_STYLE = Automatic;
				CURRENT_PROJECT_VERSION = 1;
				DEVELOPMENT_TEAM = HQNZ8TWNYS;
				GENERATE_INFOPLIST_FILE = YES;
				MARKETING_VERSION = 1.0;
				PRODUCT_BUNDLE_IDENTIFIER = hansen.ITSMEUITests;
				PRODUCT_NAME = "$(TARGET_NAME)";
				SWIFT_EMIT_LOC_STRINGS = NO;
				SWIFT_VERSION = 5.0;
				TARGETED_DEVICE_FAMILY = "1,2";
				TEST_TARGET_NAME = ITSME;
			};
			name = Release;
		};
/* End XCBuildConfiguration section */

/* Begin XCConfigurationList section */
		A7386F652D2805B7007ECD24 /* Build configuration list for PBXProject "ITSME" */ = {
			isa = XCConfigurationList;
			buildConfigurations = (
				A7386F962D2805B8007ECD24 /* Debug */,
				A7386F972D2805B8007ECD24 /* Release */,
			);
			defaultConfigurationIsVisible = 0;
			defaultConfigurationName = Release;
		};
		A7386F932D2805B8007ECD24 /* Build configuration list for PBXNativeTarget "ITSME" */ = {
			isa = XCConfigurationList;
			buildConfigurations = (
				A7386F942D2805B8007ECD24 /* Debug */,
				A7386F952D2805B8007ECD24 /* Release */,
			);
			defaultConfigurationIsVisible = 0;
			defaultConfigurationName = Release;
		};
		A7386F982D2805B8007ECD24 /* Build configuration list for PBXNativeTarget "ITSMETests" */ = {
			isa = XCConfigurationList;
			buildConfigurations = (
				A7386F992D2805B8007ECD24 /* Debug */,
				A7386F9A2D2805B8007ECD24 /* Release */,
			);
			defaultConfigurationIsVisible = 0;
			defaultConfigurationName = Release;
		};
		A7386F9B2D2805B8007ECD24 /* Build configuration list for PBXNativeTarget "ITSMEUITests" */ = {
			isa = XCConfigurationList;
			buildConfigurations = (
				A7386F9C2D2805B8007ECD24 /* Debug */,
				A7386F9D2D2805B8007ECD24 /* Release */,
			);
			defaultConfigurationIsVisible = 0;
			defaultConfigurationName = Release;
		};
/* End XCConfigurationList section */

/* Begin XCRemoteSwiftPackageReference section */
		A73870CC2D28F10F007ECD24 /* XCRemoteSwiftPackageReference "Kingfisher" */ = {
			isa = XCRemoteSwiftPackageReference;
			repositoryURL = "https://github.com/onevcat/Kingfisher.git";
			requirement = {
				kind = upToNextMajorVersion;
				minimumVersion = 8.1.3;
			};
		};
/* End XCRemoteSwiftPackageReference section */

/* Begin XCSwiftPackageProductDependency section */
		A7F468692D28F280005F2EB0 /* Kingfisher */ = {
			isa = XCSwiftPackageProductDependency;
			package = A73870CC2D28F10F007ECD24 /* XCRemoteSwiftPackageReference "Kingfisher" */;
			productName = Kingfisher;
		};
/* End XCSwiftPackageProductDependency section */
	};
	rootObject = A7386F622D2805B7007ECD24 /* Project object */;
}
